{
    "_meta": {
        "hash": {
            "sha256": "ac564d827f76592f01995efc3786cb2961cbc7e27acf8999b6e03a1cc8d50cbd"
        },
        "pipfile-spec": 6,
        "requires": {
            "python_version": "3.7"
        },
        "sources": [
            {
                "name": "pypi",
                "url": "https://pypi.org/simple",
                "verify_ssl": true
            }
        ]
    },
    "default": {
        "certifi": {
            "hashes": [
                "sha256:1a4995114262bffbc2413b159f2a1a480c969de6e6eb13ee966d470af86af59c",
                "sha256:719a74fb9e33b9bd44cc7f3a8d94bc35e4049deebe19ba7d8e108280cfd59830"
            ],
            "version": "==2020.12.5"
        },
        "chardet": {
            "hashes": [
                "sha256:84ab92ed1c4d4f16916e05906b6b75a6c0fb5db821cc65e70cbd64a3e2a5eaae",
                "sha256:fc323ffcaeaed0e0a02bf4d117757b98aed530d9ed4531e3e15460124c106691"
            ],
            "version": "==3.0.4"
        },
        "funkify": {
            "hashes": [
                "sha256:50068de04ca6397d5e6c70d16c17d2503d4a62e33b091ddbb3c617b7c7fe8740",
                "sha256:a7273eac299f37d0785b7b99a581ee20885451637355e589e653a32d8bd6eaad"
            ],
            "version": "==0.3.0"
        },
        "get-code-metrics": {
            "editable": true,
            "path": "."
        },
        "idna": {
            "hashes": [
                "sha256:c357b3f628cf53ae2c4c05627ecc484553142ca23264e593d327bcde5e9c3407",
                "sha256:ea8b7f6188e6fa117537c3df7da9fc686d485087abf6ac197f9c46432f7e4a3c"
            ],
            "version": "==2.8"
        },
        "requests": {
            "hashes": [
                "sha256:11e007a8a2aa0323f5a921e9e6a2d7e4e67d9877e85773fba9ba6419025cbeb4",
                "sha256:9cf5292fcd0f598c671cfc1e0d7d1a7f13bb8085e9a590f48c010551dc6c4b31"
            ],
            "index": "pypi",
            "version": "==2.22.0"
        },
        "requires": {
            "hashes": [
                "sha256:93d6a54bd59618b6d7ce3d3b4f240147faf8b8b683c8736bd6299e8ae72cfb81",
                "sha256:c719942326c56ce64d3979e845d25cb0ad7e372948f15ea19546c585b1bd09e5"
            ],
            "version": "==0.9.0"
        },
        "tqdm": {
            "hashes": [
                "sha256:4789ccbb6fc122b5a6a85d512e4e41fc5acad77216533a6f2b8ce51e0f265c23",
                "sha256:efab950cf7cc1e4d8ee50b2bb9c8e4a89f8307b49e0b2c9cfef3ec4ca26655eb"
            ],
            "index": "pypi",
            "version": "==4.41.1"
        },
        "urllib3": {
            "hashes": [
                "sha256:2f3db8b19923a873b3e5256dc9c2dedfa883e33d87c690d9c7913e1f40673cdc",
                "sha256:87716c2d2a7121198ebcb7ce7cccf6ce5e9ba539041cfbaeecfb641dc0bf6acc"
            ],
            "index": "pypi",
            "version": "==1.25.8"
        }
    },
    "develop": {}
}
