{
    "_meta": {
        "hash": {
            "sha256": "ac564d827f76592f01995efc3786cb2961cbc7e27acf8999b6e03a1cc8d50cbd"
        },
        "pipfile-spec": 6,
        "requires": {
            "python_version": "3.7"
        },
        "sources": [
            {
                "name": "pypi",
                "url": "https://pypi.org/simple",
                "verify_ssl": true
            }
        ]
    },
    "default": {
        "certifi": {
            "hashes": [
                "sha256:35824b4c3a97115964b408844d64aa14db1cc518f6562e8d7261699d1350a9e3",
                "sha256:4ad3232f5e926d6718ec31cfc1fcadfde020920e278684144551c91769c7bc18"
            ],
            "index": "pypi",
            "version": "==2022.12.7"
        },
        "chardet": {
            "hashes": [
                "sha256:84ab92ed1c4d4f16916e05906b6b75a6c0fb5db821cc65e70cbd64a3e2a5eaae",
                "sha256:fc323ffcaeaed0e0a02bf4d117757b98aed530d9ed4531e3e15460124c106691"
            ],
            "version": "==3.0.4"
        },
        "funkify": {
            "hashes": [
                "sha256:2e6519ab06af0ee0262f921a5d71b2a6d16c6d866427ddde90259a9f840b3017",
                "sha256:a88bd2fa83ef1587b9ae7903ae322a8bd954dbf82eaaf7d840e253be403b743c"
            ],
            "markers": "python_version < '4.0' and python_full_version >= '3.6.2'",
            "version": "==0.4.4"
        },
        "get-code-metrics": {
            "editable": true,
            "path": "."
        },
        "idna": {
            "hashes": [
                "sha256:c357b3f628cf53ae2c4c05627ecc484553142ca23264e593d327bcde5e9c3407",
                "sha256:ea8b7f6188e6fa117537c3df7da9fc686d485087abf6ac197f9c46432f7e4a3c"
            ],
            "version": "==2.8"
        },
        "requests": {
            "hashes": [
                "sha256:11e007a8a2aa0323f5a921e9e6a2d7e4e67d9877e85773fba9ba6419025cbeb4",
                "sha256:9cf5292fcd0f598c671cfc1e0d7d1a7f13bb8085e9a590f48c010551dc6c4b31"
            ],
            "index": "pypi",
            "version": "==2.22.0"
        },
        "requires": {
            "hashes": [
                "sha256:873cc3230af1733bc4649265069b336348bd5f2a2b4c92b0f791a5e4a216f57d",
                "sha256:ebac72997045d281064c6619652ba77dd8aca5a8b8469de6b23a255855b1b9fd"
            ],
            "markers": "python_version >= '3.7' and python_version < '4.0'",
            "version": "==0.10.3"
        },
        "sanitized-package": {
            "editable": true,
            "path": "."
        },
        "tqdm": {
            "hashes": [
                "sha256:4789ccbb6fc122b5a6a85d512e4e41fc5acad77216533a6f2b8ce51e0f265c23",
                "sha256:efab950cf7cc1e4d8ee50b2bb9c8e4a89f8307b49e0b2c9cfef3ec4ca26655eb"
            ],
            "index": "pypi",
            "version": "==4.41.1"
        },
        "typing-extensions": {
            "hashes": [
                "sha256:1511434bb92bf8dd198c12b1cc812e800d4181cfcb867674e0f8279cc93087aa",
                "sha256:16fa4864408f655d35ec496218b85f79b3437c829e93320c7c9215ccfd92489e"
            ],
            "markers": "python_version >= '3.7'",
            "version": "==4.4.0"
        },
        "urllib3": {
            "hashes": [
                "sha256:8d7eaa5a82a1cac232164990f04874c594c9453ec55eef02eab885aa02fc17a2",
                "sha256:f5321fbe4bf3fefa0efd0bfe7fb14e90909eb62a48ccda331726b4319897dd5e"
            ],
            "markers": "python_version >= '2.7' and python_version not in '3.0, 3.1, 3.2, 3.3, 3.4' and python_version < '4.0'",
            "version": "==1.25.11"
        },
        "xtyping": {
            "hashes": [
                "sha256:1b426de8becf94602058947716ad3f9951625a54eefbc3a4d6e41d6563dd172c",
                "sha256:38ce4e68d536d3a6e627926280a9737e7ee427623f92a42ad009a8befbe6a852"
            ],
            "markers": "python_version < '4.0' and python_full_version >= '3.6.2'",
            "version": "==0.6.1"
        }
    },
    "develop": {}
}
